
Microsoft Visual Studio Solution File, Format Version 12.00
# Visual Studio 15
VisualStudioVersion = 15.0.27428.2005
MinimumVisualStudioVersion = 10.0.40219.1
Project("{8BC9CEB8-8B4A-11D0-8D11-00A0C91BC942}") = "vs_dll", "vs_dll\vs_dll.vcxproj", "{C25491EC-CC80-49E4-AED5-CDBB75DF306D}"
EndProject
Global
	GlobalSection(SolutionConfigurationPlatforms) = preSolution
		Release|x64 = Release|x64
		Release|x86 = Release|x86
	EndGlobalSection
	GlobalSection(ProjectConfigurationPlatforms) = postSolution
		{C25491EC-CC80-49E4-AED5-CDBB75DF306D}.Release|x64.ActiveCfg = Release|x64
		{C25491EC-CC80-49E4-AED5-CDBB75DF306D}.Release|x64.Build.0 = Release|x64
		{C25491EC-CC80-49E4-AED5-CDBB75DF306D}.Release|x86.ActiveCfg = Release|Win32
		{C25491EC-CC80-49E4-AED5-CDBB75DF306D}.Release|x86.Build.0 = Release|Win32
	EndGlobalSection
	GlobalSection(SolutionProperties) = preSolution
		HideSolutionNode = FALSE
	EndGlobalSection
	GlobalSection(ExtensibilityGlobals) = postSolution
		SolutionGuid = {182B4C85-1BA9-4488-925C-55FE45DDE163}
	EndGlobalSection
EndGlobal
